
Microsoft Visual Studio Solution File, Format Version 12.00
# Visual Studio Version 16
VisualStudioVersion = 16.0.28705.295
MinimumVisualStudioVersion = 10.0.40219.1
Project("{2150E333-8FDC-42A3-9474-1A3956D46DE8}") = "hongbo.map", "hongbo.map", "{41A835C6-8A26-4225-AF8C-379820E25FE7}"
EndProject
Project("{9A19103F-16F7-4668-BE54-9A1E7A4F7556}") = "hongbo.AMapWebservice", "hongbo.map\hongbo.AmapWebservice\hongbo.AMapWebservice.csproj", "{E1E09150-5294-44F2-8554-EBE032081FB7}"
EndProject
Project("{9A19103F-16F7-4668-BE54-9A1E7A4F7556}") = "hongbo.AMapWebserviceTest", "hongbo.map\hongbo.AMapWebserviceTest\hongbo.AMapWebserviceTest.csproj", "{D6502260-5DD3-4690-92FF-2F324326D6D2}"
EndProject
Project("{9A19103F-16F7-4668-BE54-9A1E7A4F7556}") = "hongbo.BaiduMapWebservice", "hongbo.map\hongbo.BaiduMapWebservice\hongbo.BaiduMapWebservice.csproj", "{EE90D110-5F2D-4858-9623-A6C83D84FA7F}"
EndProject
Project("{FAE04EC0-301F-11D3-BF4B-00C04F79EFBC}") = "hongbo.BaiduMapWebserviceTest", "hongbo.map\hongbo.BaiduMapWebserviceTest\hongbo.BaiduMapWebserviceTest.csproj", "{FB9D04E5-07EF-4064-AB0F-CBD936392002}"
EndProject
Project("{2150E333-8FDC-42A3-9474-1A3956D46DE8}") = "hongbo.cooperate", "hongbo.cooperate", "{46D7095F-0410-4C48-BEEB-5FBB0EDBF99E}"
EndProject
Project("{9A19103F-16F7-4668-BE54-9A1E7A4F7556}") = "youzan", "hongbo.cooperate\youzan\youzan.csproj", "{C62385F5-DD76-427E-AEA5-571024E12D7C}"
EndProject
Project("{9A19103F-16F7-4668-BE54-9A1E7A4F7556}") = "youzan_Test", "hongbo.cooperate\youzan_Test\youzan_Test.csproj", "{EEBBBF84-4DAD-4F21-907F-E38443A41EE1}"
EndProject
Project("{2150E333-8FDC-42A3-9474-1A3956D46DE8}") = "hongbo.core", "hongbo.core", "{9E00EC54-8C07-4088-95FD-FF14904C1BA4}"
EndProject
Project("{2150E333-8FDC-42A3-9474-1A3956D46DE8}") = "hongbo.logic", "hongbo.logic", "{0DF0C5D7-C879-4835-86D7-03605A322C5C}"
EndProject
Project("{9A19103F-16F7-4668-BE54-9A1E7A4F7556}") = "hongbo.json", "hongbo.core\hongbo.json\hongbo.json.csproj", "{B58B9912-AEFF-4365-A916-004320F06503}"
EndProject
Project("{9A19103F-16F7-4668-BE54-9A1E7A4F7556}") = "hongbo.json.test", "hongbo.core\hongbo.json.test\hongbo.json.test.csproj", "{9BD9681B-EF32-433A-B7A2-0C28C338769F}"
EndProject
Project("{9A19103F-16F7-4668-BE54-9A1E7A4F7556}") = "hongbo.CoreMapWebservice", "hongbo.map\hongbo.CoreMapWebservice\hongbo.CoreMapWebservice.csproj", "{D89BBFB7-47CC-42D7-B803-2114C994EEDD}"
EndProject
Project("{9A19103F-16F7-4668-BE54-9A1E7A4F7556}") = "hongboPrivilege", "hongbo.logic\hongboPrivilege\hongboPrivilege.csproj", "{3AC3A071-AA4B-41F7-9C80-D6026B41C7CB}"
EndProject
Project("{9A19103F-16F7-4668-BE54-9A1E7A4F7556}") = "hongboPrivilege.Test", "hongbo.logic\hongboPrivilege.Test\hongboPrivilege.Test.csproj", "{CEF7B9CD-9257-472B-9D43-6554FE1E33E1}"
EndProject
Project("{9A19103F-16F7-4668-BE54-9A1E7A4F7556}") = "hongbo.core", "hongbo.core\hongbo.core\hongbo.core.csproj", "{E0653835-A624-4DC0-B2B8-27441200B9EA}"
EndProject
Project("{9A19103F-16F7-4668-BE54-9A1E7A4F7556}") = "hongbo.core.test", "hongbo.core\hongbo.core.test\hongbo.core.test.csproj", "{7B6ABAC8-DDDC-4410-9BE2-45CBE5E8DAC5}"
EndProject
Project("{9A19103F-16F7-4668-BE54-9A1E7A4F7556}") = "hongbo.ef", "hongbo.core\hongbo.ef\hongbo.ef.csproj", "{5B6C8A16-C75B-412E-85BD-5B19F66D3983}"
EndProject
Project("{9A19103F-16F7-4668-BE54-9A1E7A4F7556}") = "hongbo.mvc", "hongbo.core\hongbo.mvc\hongbo.mvc.csproj", "{6EC1CA17-3ADE-46EB-B1CE-1B5E84593642}"
EndProject
Project("{9A19103F-16F7-4668-BE54-9A1E7A4F7556}") = "hongbo.drawing", "hongbo.core\hongbo.drawing\hongbo.drawing.csproj", "{9DFCC999-5985-49DB-9554-4499437689B2}"
EndProject
Project("{2150E333-8FDC-42A3-9474-1A3956D46DE8}") = "hongbo.template", "hongbo.template", "{D3C68429-994D-48A5-BBF0-5957B4160818}"
EndProject
Project("{9A19103F-16F7-4668-BE54-9A1E7A4F7556}") = "hongbo.project.template", "hongbo.template\hongbo.project.template\hongbo.project.template.csproj", "{E85D5928-3D57-42AB-98D2-170206D7003D}"
EndProject
Project("{FAE04EC0-301F-11D3-BF4B-00C04F79EFBC}") = "hongbo.drawing.test", "hongbo.core\hongbo.drawing.test\hongbo.drawing.test.csproj", "{7A363496-1A26-4C53-94D7-8A310A94D22A}"
EndProject
Project("{9A19103F-16F7-4668-BE54-9A1E7A4F7556}") = "hongbo.wechat", "hongbo.cooperate\hongbo.wechat\hongbo.wechat.csproj", "{1AC0F14A-2B04-420D-83EE-0DB790AAB69E}"
EndProject
Global
	GlobalSection(SolutionConfigurationPlatforms) = preSolution
		Debug|Any CPU = Debug|Any CPU
		Release|Any CPU = Release|Any CPU
	EndGlobalSection
	GlobalSection(ProjectConfigurationPlatforms) = postSolution
		{E1E09150-5294-44F2-8554-EBE032081FB7}.Debug|Any CPU.ActiveCfg = Debug|Any CPU
		{E1E09150-5294-44F2-8554-EBE032081FB7}.Debug|Any CPU.Build.0 = Debug|Any CPU
		{E1E09150-5294-44F2-8554-EBE032081FB7}.Release|Any CPU.ActiveCfg = Release|Any CPU
		{E1E09150-5294-44F2-8554-EBE032081FB7}.Release|Any CPU.Build.0 = Release|Any CPU
		{D6502260-5DD3-4690-92FF-2F324326D6D2}.Debug|Any CPU.ActiveCfg = Debug|Any CPU
		{D6502260-5DD3-4690-92FF-2F324326D6D2}.Debug|Any CPU.Build.0 = Debug|Any CPU
		{D6502260-5DD3-4690-92FF-2F324326D6D2}.Release|Any CPU.ActiveCfg = Release|Any CPU
		{D6502260-5DD3-4690-92FF-2F324326D6D2}.Release|Any CPU.Build.0 = Release|Any CPU
		{EE90D110-5F2D-4858-9623-A6C83D84FA7F}.Debug|Any CPU.ActiveCfg = Debug|Any CPU
		{EE90D110-5F2D-4858-9623-A6C83D84FA7F}.Debug|Any CPU.Build.0 = Debug|Any CPU
		{EE90D110-5F2D-4858-9623-A6C83D84FA7F}.Release|Any CPU.ActiveCfg = Release|Any CPU
		{EE90D110-5F2D-4858-9623-A6C83D84FA7F}.Release|Any CPU.Build.0 = Release|Any CPU
		{FB9D04E5-07EF-4064-AB0F-CBD936392002}.Debug|Any CPU.ActiveCfg = Debug|Any CPU
		{FB9D04E5-07EF-4064-AB0F-CBD936392002}.Debug|Any CPU.Build.0 = Debug|Any CPU
		{FB9D04E5-07EF-4064-AB0F-CBD936392002}.Release|Any CPU.ActiveCfg = Release|Any CPU
		{FB9D04E5-07EF-4064-AB0F-CBD936392002}.Release|Any CPU.Build.0 = Release|Any CPU
		{C62385F5-DD76-427E-AEA5-571024E12D7C}.Debug|Any CPU.ActiveCfg = Debug|Any CPU
		{C62385F5-DD76-427E-AEA5-571024E12D7C}.Debug|Any CPU.Build.0 = Debug|Any CPU
		{C62385F5-DD76-427E-AEA5-571024E12D7C}.Release|Any CPU.ActiveCfg = Release|Any CPU
		{C62385F5-DD76-427E-AEA5-571024E12D7C}.Release|Any CPU.Build.0 = Release|Any CPU
		{EEBBBF84-4DAD-4F21-907F-E38443A41EE1}.Debug|Any CPU.ActiveCfg = Debug|Any CPU
		{EEBBBF84-4DAD-4F21-907F-E38443A41EE1}.Debug|Any CPU.Build.0 = Debug|Any CPU
		{EEBBBF84-4DAD-4F21-907F-E38443A41EE1}.Release|Any CPU.ActiveCfg = Release|Any CPU
		{EEBBBF84-4DAD-4F21-907F-E38443A41EE1}.Release|Any CPU.Build.0 = Release|Any CPU
		{B58B9912-AEFF-4365-A916-004320F06503}.Debug|Any CPU.ActiveCfg = Debug|Any CPU
		{B58B9912-AEFF-4365-A916-004320F06503}.Debug|Any CPU.Build.0 = Debug|Any CPU
		{B58B9912-AEFF-4365-A916-004320F06503}.Release|Any CPU.ActiveCfg = Release|Any CPU
		{B58B9912-AEFF-4365-A916-004320F06503}.Release|Any CPU.Build.0 = Release|Any CPU
		{9BD9681B-EF32-433A-B7A2-0C28C338769F}.Debug|Any CPU.ActiveCfg = Debug|Any CPU
		{9BD9681B-EF32-433A-B7A2-0C28C338769F}.Debug|Any CPU.Build.0 = Debug|Any CPU
		{9BD9681B-EF32-433A-B7A2-0C28C338769F}.Release|Any CPU.ActiveCfg = Release|Any CPU
		{9BD9681B-EF32-433A-B7A2-0C28C338769F}.Release|Any CPU.Build.0 = Release|Any CPU
		{D89BBFB7-47CC-42D7-B803-2114C994EEDD}.Debug|Any CPU.ActiveCfg = Debug|Any CPU
		{D89BBFB7-47CC-42D7-B803-2114C994EEDD}.Debug|Any CPU.Build.0 = Debug|Any CPU
		{D89BBFB7-47CC-42D7-B803-2114C994EEDD}.Release|Any CPU.ActiveCfg = Release|Any CPU
		{D89BBFB7-47CC-42D7-B803-2114C994EEDD}.Release|Any CPU.Build.0 = Release|Any CPU
		{3AC3A071-AA4B-41F7-9C80-D6026B41C7CB}.Debug|Any CPU.ActiveCfg = Debug|Any CPU
		{3AC3A071-AA4B-41F7-9C80-D6026B41C7CB}.Debug|Any CPU.Build.0 = Debug|Any CPU
		{3AC3A071-AA4B-41F7-9C80-D6026B41C7CB}.Release|Any CPU.ActiveCfg = Release|Any CPU
		{3AC3A071-AA4B-41F7-9C80-D6026B41C7CB}.Release|Any CPU.Build.0 = Release|Any CPU
		{CEF7B9CD-9257-472B-9D43-6554FE1E33E1}.Debug|Any CPU.ActiveCfg = Debug|Any CPU
		{CEF7B9CD-9257-472B-9D43-6554FE1E33E1}.Debug|Any CPU.Build.0 = Debug|Any CPU
		{CEF7B9CD-9257-472B-9D43-6554FE1E33E1}.Release|Any CPU.ActiveCfg = Release|Any CPU
		{CEF7B9CD-9257-472B-9D43-6554FE1E33E1}.Release|Any CPU.Build.0 = Release|Any CPU
		{E0653835-A624-4DC0-B2B8-27441200B9EA}.Debug|Any CPU.ActiveCfg = Debug|Any CPU
		{E0653835-A624-4DC0-B2B8-27441200B9EA}.Debug|Any CPU.Build.0 = Debug|Any CPU
		{E0653835-A624-4DC0-B2B8-27441200B9EA}.Release|Any CPU.ActiveCfg = Release|Any CPU
		{E0653835-A624-4DC0-B2B8-27441200B9EA}.Release|Any CPU.Build.0 = Release|Any CPU
		{7B6ABAC8-DDDC-4410-9BE2-45CBE5E8DAC5}.Debug|Any CPU.ActiveCfg = Debug|Any CPU
		{7B6ABAC8-DDDC-4410-9BE2-45CBE5E8DAC5}.Debug|Any CPU.Build.0 = Debug|Any CPU
		{7B6ABAC8-DDDC-4410-9BE2-45CBE5E8DAC5}.Release|Any CPU.ActiveCfg = Release|Any CPU
		{7B6ABAC8-DDDC-4410-9BE2-45CBE5E8DAC5}.Release|Any CPU.Build.0 = Release|Any CPU
		{5B6C8A16-C75B-412E-85BD-5B19F66D3983}.Debug|Any CPU.ActiveCfg = Debug|Any CPU
		{5B6C8A16-C75B-412E-85BD-5B19F66D3983}.Debug|Any CPU.Build.0 = Debug|Any CPU
		{5B6C8A16-C75B-412E-85BD-5B19F66D3983}.Release|Any CPU.ActiveCfg = Release|Any CPU
		{5B6C8A16-C75B-412E-85BD-5B19F66D3983}.Release|Any CPU.Build.0 = Release|Any CPU
		{6EC1CA17-3ADE-46EB-B1CE-1B5E84593642}.Debug|Any CPU.ActiveCfg = Debug|Any CPU
		{6EC1CA17-3ADE-46EB-B1CE-1B5E84593642}.Debug|Any CPU.Build.0 = Debug|Any CPU
		{6EC1CA17-3ADE-46EB-B1CE-1B5E84593642}.Release|Any CPU.ActiveCfg = Release|Any CPU
		{6EC1CA17-3ADE-46EB-B1CE-1B5E84593642}.Release|Any CPU.Build.0 = Release|Any CPU
		{9DFCC999-5985-49DB-9554-4499437689B2}.Debug|Any CPU.ActiveCfg = Debug|Any CPU
		{9DFCC999-5985-49DB-9554-4499437689B2}.Debug|Any CPU.Build.0 = Debug|Any CPU
		{9DFCC999-5985-49DB-9554-4499437689B2}.Release|Any CPU.ActiveCfg = Release|Any CPU
		{9DFCC999-5985-49DB-9554-4499437689B2}.Release|Any CPU.Build.0 = Release|Any CPU
		{E85D5928-3D57-42AB-98D2-170206D7003D}.Debug|Any CPU.ActiveCfg = Debug|Any CPU
		{E85D5928-3D57-42AB-98D2-170206D7003D}.Debug|Any CPU.Build.0 = Debug|Any CPU
		{E85D5928-3D57-42AB-98D2-170206D7003D}.Release|Any CPU.ActiveCfg = Release|Any CPU
		{E85D5928-3D57-42AB-98D2-170206D7003D}.Release|Any CPU.Build.0 = Release|Any CPU
		{7A363496-1A26-4C53-94D7-8A310A94D22A}.Debug|Any CPU.ActiveCfg = Debug|Any CPU
		{7A363496-1A26-4C53-94D7-8A310A94D22A}.Debug|Any CPU.Build.0 = Debug|Any CPU
		{7A363496-1A26-4C53-94D7-8A310A94D22A}.Release|Any CPU.ActiveCfg = Release|Any CPU
		{7A363496-1A26-4C53-94D7-8A310A94D22A}.Release|Any CPU.Build.0 = Release|Any CPU
		{1AC0F14A-2B04-420D-83EE-0DB790AAB69E}.Debug|Any CPU.ActiveCfg = Debug|Any CPU
		{1AC0F14A-2B04-420D-83EE-0DB790AAB69E}.Debug|Any CPU.Build.0 = Debug|Any CPU
		{1AC0F14A-2B04-420D-83EE-0DB790AAB69E}.Release|Any CPU.ActiveCfg = Release|Any CPU
		{1AC0F14A-2B04-420D-83EE-0DB790AAB69E}.Release|Any CPU.Build.0 = Release|Any CPU
	EndGlobalSection
	GlobalSection(SolutionProperties) = preSolution
		HideSolutionNode = FALSE
	EndGlobalSection
	GlobalSection(NestedProjects) = preSolution
		{E1E09150-5294-44F2-8554-EBE032081FB7} = {41A835C6-8A26-4225-AF8C-379820E25FE7}
		{D6502260-5DD3-4690-92FF-2F324326D6D2} = {41A835C6-8A26-4225-AF8C-379820E25FE7}
		{EE90D110-5F2D-4858-9623-A6C83D84FA7F} = {41A835C6-8A26-4225-AF8C-379820E25FE7}
		{FB9D04E5-07EF-4064-AB0F-CBD936392002} = {41A835C6-8A26-4225-AF8C-379820E25FE7}
		{C62385F5-DD76-427E-AEA5-571024E12D7C} = {46D7095F-0410-4C48-BEEB-5FBB0EDBF99E}
		{EEBBBF84-4DAD-4F21-907F-E38443A41EE1} = {46D7095F-0410-4C48-BEEB-5FBB0EDBF99E}
		{B58B9912-AEFF-4365-A916-004320F06503} = {9E00EC54-8C07-4088-95FD-FF14904C1BA4}
		{9BD9681B-EF32-433A-B7A2-0C28C338769F} = {9E00EC54-8C07-4088-95FD-FF14904C1BA4}
		{D89BBFB7-47CC-42D7-B803-2114C994EEDD} = {41A835C6-8A26-4225-AF8C-379820E25FE7}
		{3AC3A071-AA4B-41F7-9C80-D6026B41C7CB} = {0DF0C5D7-C879-4835-86D7-03605A322C5C}
		{CEF7B9CD-9257-472B-9D43-6554FE1E33E1} = {0DF0C5D7-C879-4835-86D7-03605A322C5C}
		{E0653835-A624-4DC0-B2B8-27441200B9EA} = {9E00EC54-8C07-4088-95FD-FF14904C1BA4}
		{7B6ABAC8-DDDC-4410-9BE2-45CBE5E8DAC5} = {9E00EC54-8C07-4088-95FD-FF14904C1BA4}
		{5B6C8A16-C75B-412E-85BD-5B19F66D3983} = {9E00EC54-8C07-4088-95FD-FF14904C1BA4}
		{6EC1CA17-3ADE-46EB-B1CE-1B5E84593642} = {9E00EC54-8C07-4088-95FD-FF14904C1BA4}
		{9DFCC999-5985-49DB-9554-4499437689B2} = {9E00EC54-8C07-4088-95FD-FF14904C1BA4}
		{E85D5928-3D57-42AB-98D2-170206D7003D} = {D3C68429-994D-48A5-BBF0-5957B4160818}
		{7A363496-1A26-4C53-94D7-8A310A94D22A} = {9E00EC54-8C07-4088-95FD-FF14904C1BA4}
		{1AC0F14A-2B04-420D-83EE-0DB790AAB69E} = {46D7095F-0410-4C48-BEEB-5FBB0EDBF99E}
	EndGlobalSection
	GlobalSection(ExtensibilityGlobals) = postSolution
		SolutionGuid = {4F29AB03-D213-4B55-94AB-3A8691E445C0}
	EndGlobalSection
EndGlobal
