
Microsoft Visual Studio Solution File, Format Version 12.00
# Visual Studio 15
VisualStudioVersion = 15.0.28307.421
MinimumVisualStudioVersion = 10.0.40219.1
Project("{FAE04EC0-301F-11D3-BF4B-00C04F79EFBC}") = "hongboPrivilege.Core", "hongboPrivilege.Core\hongboPrivilege.Core.csproj", "{9787394C-18C1-4F72-8128-98FAED74A2C0}"
EndProject
Project("{FAE04EC0-301F-11D3-BF4B-00C04F79EFBC}") = "hongboPrivilege.Framework", "hongboPrivilege.Framework\hongboPrivilege.Framework.csproj", "{8790BA0B-BA7A-471E-83E4-9FEF013E786F}"
EndProject
Global
	GlobalSection(SolutionConfigurationPlatforms) = preSolution
		Debug|Any CPU = Debug|Any CPU
		Release|Any CPU = Release|Any CPU
	EndGlobalSection
	GlobalSection(ProjectConfigurationPlatforms) = postSolution
		{9787394C-18C1-4F72-8128-98FAED74A2C0}.Debug|Any CPU.ActiveCfg = Debug|Any CPU
		{9787394C-18C1-4F72-8128-98FAED74A2C0}.Debug|Any CPU.Build.0 = Debug|Any CPU
		{9787394C-18C1-4F72-8128-98FAED74A2C0}.Release|Any CPU.ActiveCfg = Release|Any CPU
		{9787394C-18C1-4F72-8128-98FAED74A2C0}.Release|Any CPU.Build.0 = Release|Any CPU
		{8790BA0B-BA7A-471E-83E4-9FEF013E786F}.Debug|Any CPU.ActiveCfg = Debug|Any CPU
		{8790BA0B-BA7A-471E-83E4-9FEF013E786F}.Debug|Any CPU.Build.0 = Debug|Any CPU
		{8790BA0B-BA7A-471E-83E4-9FEF013E786F}.Release|Any CPU.ActiveCfg = Release|Any CPU
		{8790BA0B-BA7A-471E-83E4-9FEF013E786F}.Release|Any CPU.Build.0 = Release|Any CPU
	EndGlobalSection
	GlobalSection(SolutionProperties) = preSolution
		HideSolutionNode = FALSE
	EndGlobalSection
	GlobalSection(ExtensibilityGlobals) = postSolution
		SolutionGuid = {4F29AB03-D213-4B55-94AB-3A8691E445C0}
	EndGlobalSection
EndGlobal
