
Microsoft Visual Studio Solution File, Format Version 12.00
# Visual Studio 15
VisualStudioVersion = 15.0.28307.421
MinimumVisualStudioVersion = 10.0.40219.1
Project("{FAE04EC0-301F-11D3-BF4B-00C04F79EFBC}") = "hongboPrivilege", "hongboPrivilege\hongboPrivilege.csproj", "{C26ECF00-5589-4874-AFE8-6E120327E049}"
EndProject
Global
	GlobalSection(SolutionConfigurationPlatforms) = preSolution
		Debug|Any CPU = Debug|Any CPU
		Release|Any CPU = Release|Any CPU
	EndGlobalSection
	GlobalSection(ProjectConfigurationPlatforms) = postSolution
		{C26ECF00-5589-4874-AFE8-6E120327E049}.Debug|Any CPU.ActiveCfg = Debug|Any CPU
		{C26ECF00-5589-4874-AFE8-6E120327E049}.Debug|Any CPU.Build.0 = Debug|Any CPU
		{C26ECF00-5589-4874-AFE8-6E120327E049}.Release|Any CPU.ActiveCfg = Release|Any CPU
		{C26ECF00-5589-4874-AFE8-6E120327E049}.Release|Any CPU.Build.0 = Release|Any CPU
	EndGlobalSection
	GlobalSection(SolutionProperties) = preSolution
		HideSolutionNode = FALSE
	EndGlobalSection
	GlobalSection(ExtensibilityGlobals) = postSolution
		SolutionGuid = {4F29AB03-D213-4B55-94AB-3A8691E445C0}
	EndGlobalSection
EndGlobal
